
Microsoft Visual Studio Solution File, Format Version 12.00
# Visual Studio Version 17
VisualStudioVersion = 17.7.34024.191
MinimumVisualStudioVersion = 10.0.40219.1
Project("{FAE04EC0-301F-11D3-BF4B-00C04F79EFBC}") = "Carglass.TechnicalAssessment.Backend.BL", "Carglass.TechnicalAssessment.Backend.BL\Carglass.TechnicalAssessment.Backend.BL.csproj", "{D1477001-F901-44D2-A443-B4A1B9151489}"
EndProject
Project("{FAE04EC0-301F-11D3-BF4B-00C04F79EFBC}") = "Carglass.TechnicalAssessment.Backend.DL", "Carglass.TechnicalAssessment.Backend.DL\Carglass.TechnicalAssessment.Backend.DL.csproj", "{FE18790F-6FBE-46E4-901B-ED1E965B66C4}"
EndProject
Project("{FAE04EC0-301F-11D3-BF4B-00C04F79EFBC}") = "Carglass.TechnicalAssessment.Backend.Api", "Carglass.TechnicalAssessment.Backend.Api\Carglass.TechnicalAssessment.Backend.Api.csproj", "{F22D49EB-3E97-4140-88B2-32AA7FAB8012}"
EndProject
Project("{FAE04EC0-301F-11D3-BF4B-00C04F79EFBC}") = "Carglass.TechnicalAssessment.Backend.Api.Tests", "Carglass.TechnicalAssessment.Backend.Api.Tests\Carglass.TechnicalAssessment.Backend.Api.Tests.csproj", "{F4E8C567-EFE0-4239-BACA-9FD235A49E14}"
EndProject
Project("{FAE04EC0-301F-11D3-BF4B-00C04F79EFBC}") = "Carglass.TechnicalAssessment.Backend.Models", "Carglass.TechnicalAssessment.Backend.Models\Carglass.TechnicalAssessment.Backend.Models.csproj", "{97CC036D-7368-46F2-9F77-B8F45C2B93D6}"
EndProject
Global
	GlobalSection(SolutionConfigurationPlatforms) = preSolution
		Debug|Any CPU = Debug|Any CPU
		Release|Any CPU = Release|Any CPU
	EndGlobalSection
	GlobalSection(ProjectConfigurationPlatforms) = postSolution
		{D1477001-F901-44D2-A443-B4A1B9151489}.Debug|Any CPU.ActiveCfg = Debug|Any CPU
		{D1477001-F901-44D2-A443-B4A1B9151489}.Debug|Any CPU.Build.0 = Debug|Any CPU
		{D1477001-F901-44D2-A443-B4A1B9151489}.Release|Any CPU.ActiveCfg = Release|Any CPU
		{D1477001-F901-44D2-A443-B4A1B9151489}.Release|Any CPU.Build.0 = Release|Any CPU
		{FE18790F-6FBE-46E4-901B-ED1E965B66C4}.Debug|Any CPU.ActiveCfg = Debug|Any CPU
		{FE18790F-6FBE-46E4-901B-ED1E965B66C4}.Debug|Any CPU.Build.0 = Debug|Any CPU
		{FE18790F-6FBE-46E4-901B-ED1E965B66C4}.Release|Any CPU.ActiveCfg = Release|Any CPU
		{FE18790F-6FBE-46E4-901B-ED1E965B66C4}.Release|Any CPU.Build.0 = Release|Any CPU
		{F22D49EB-3E97-4140-88B2-32AA7FAB8012}.Debug|Any CPU.ActiveCfg = Debug|Any CPU
		{F22D49EB-3E97-4140-88B2-32AA7FAB8012}.Debug|Any CPU.Build.0 = Debug|Any CPU
		{F22D49EB-3E97-4140-88B2-32AA7FAB8012}.Release|Any CPU.ActiveCfg = Release|Any CPU
		{F22D49EB-3E97-4140-88B2-32AA7FAB8012}.Release|Any CPU.Build.0 = Release|Any CPU
		{F4E8C567-EFE0-4239-BACA-9FD235A49E14}.Debug|Any CPU.ActiveCfg = Debug|Any CPU
		{F4E8C567-EFE0-4239-BACA-9FD235A49E14}.Debug|Any CPU.Build.0 = Debug|Any CPU
		{F4E8C567-EFE0-4239-BACA-9FD235A49E14}.Release|Any CPU.ActiveCfg = Release|Any CPU
		{F4E8C567-EFE0-4239-BACA-9FD235A49E14}.Release|Any CPU.Build.0 = Release|Any CPU
		{97CC036D-7368-46F2-9F77-B8F45C2B93D6}.Debug|Any CPU.ActiveCfg = Debug|Any CPU
		{97CC036D-7368-46F2-9F77-B8F45C2B93D6}.Debug|Any CPU.Build.0 = Debug|Any CPU
		{97CC036D-7368-46F2-9F77-B8F45C2B93D6}.Release|Any CPU.ActiveCfg = Release|Any CPU
		{97CC036D-7368-46F2-9F77-B8F45C2B93D6}.Release|Any CPU.Build.0 = Release|Any CPU
	EndGlobalSection
	GlobalSection(SolutionProperties) = preSolution
		HideSolutionNode = FALSE
	EndGlobalSection
	GlobalSection(ExtensibilityGlobals) = postSolution
		SolutionGuid = {23D9295B-8EF1-4252-B177-A6170692C519}
	EndGlobalSection
EndGlobal
